
Microsoft Visual Studio Solution File, Format Version 12.00
# Visual Studio Version 17
VisualStudioVersion = 17.14.36221.1
MinimumVisualStudioVersion = 10.0.40219.1
Project("{FAE04EC0-301F-11D3-BF4B-00C04F79EFBC}") = "SLHdotNetCoreBatch5.Consoleapp", "SLHdotNetCoreBatch5.Consoleapp\SLHdotNetCoreBatch5.Consoleapp.csproj", "{72F1AAE5-8CF5-4E0A-AEC1-037382E9E3A4}"
EndProject
Project("{FAE04EC0-301F-11D3-BF4B-00C04F79EFBC}") = "SLHdotNetCoreBatch5.database", "SLHdotNetCoreBatch5.database\SLHdotNetCoreBatch5.database.csproj", "{11F9DB27-6F6A-465C-ACEE-ED3A19E94E25}"
EndProject
Project("{2150E333-8FDC-42A3-9474-1A3956D46DE8}") = "Documents", "Documents", "{02EA681E-C7D8-13C7-8484-4AC65E1B71E8}"
	ProjectSection(SolutionItems) = preProject
		Readme.md = Readme.md
	EndProjectSection
EndProject
Project("{FAE04EC0-301F-11D3-BF4B-00C04F79EFBC}") = "SLHdotNetCoreBatch5.ConsoleApp2", "SLHdotNetCoreBatch5.ConsoleApp2\SLHdotNetCoreBatch5.ConsoleApp2.csproj", "{7930B834-A319-43DD-AE6E-83AAB7134CB1}"
EndProject
Project("{FAE04EC0-301F-11D3-BF4B-00C04F79EFBC}") = "SLHdotNetCoreBatch5.RestApi", "SLHdotNetCoreBatch5.RestApi\SLHdotNetCoreBatch5.RestApi.csproj", "{DE0488C3-DD0A-44F0-8D28-8D2C528661A5}"
EndProject
Project("{FAE04EC0-301F-11D3-BF4B-00C04F79EFBC}") = "SLHdotNetCoreBatch5.MininmalApi", "SLHdotNetCoreBatch5.MininmalApi\SLHdotNetCoreBatch5.MininmalApi.csproj", "{0271EEE2-8C04-4CAB-B6D0-332787BCAA49}"
EndProject
Global
	GlobalSection(SolutionConfigurationPlatforms) = preSolution
		Debug|Any CPU = Debug|Any CPU
		Release|Any CPU = Release|Any CPU
	EndGlobalSection
	GlobalSection(ProjectConfigurationPlatforms) = postSolution
		{72F1AAE5-8CF5-4E0A-AEC1-037382E9E3A4}.Debug|Any CPU.ActiveCfg = Debug|Any CPU
		{72F1AAE5-8CF5-4E0A-AEC1-037382E9E3A4}.Debug|Any CPU.Build.0 = Debug|Any CPU
		{72F1AAE5-8CF5-4E0A-AEC1-037382E9E3A4}.Release|Any CPU.ActiveCfg = Release|Any CPU
		{72F1AAE5-8CF5-4E0A-AEC1-037382E9E3A4}.Release|Any CPU.Build.0 = Release|Any CPU
		{11F9DB27-6F6A-465C-ACEE-ED3A19E94E25}.Debug|Any CPU.ActiveCfg = Debug|Any CPU
		{11F9DB27-6F6A-465C-ACEE-ED3A19E94E25}.Debug|Any CPU.Build.0 = Debug|Any CPU
		{11F9DB27-6F6A-465C-ACEE-ED3A19E94E25}.Release|Any CPU.ActiveCfg = Release|Any CPU
		{11F9DB27-6F6A-465C-ACEE-ED3A19E94E25}.Release|Any CPU.Build.0 = Release|Any CPU
		{7930B834-A319-43DD-AE6E-83AAB7134CB1}.Debug|Any CPU.ActiveCfg = Debug|Any CPU
		{7930B834-A319-43DD-AE6E-83AAB7134CB1}.Debug|Any CPU.Build.0 = Debug|Any CPU
		{7930B834-A319-43DD-AE6E-83AAB7134CB1}.Release|Any CPU.ActiveCfg = Release|Any CPU
		{7930B834-A319-43DD-AE6E-83AAB7134CB1}.Release|Any CPU.Build.0 = Release|Any CPU
		{DE0488C3-DD0A-44F0-8D28-8D2C528661A5}.Debug|Any CPU.ActiveCfg = Debug|Any CPU
		{DE0488C3-DD0A-44F0-8D28-8D2C528661A5}.Debug|Any CPU.Build.0 = Debug|Any CPU
		{DE0488C3-DD0A-44F0-8D28-8D2C528661A5}.Release|Any CPU.ActiveCfg = Release|Any CPU
		{DE0488C3-DD0A-44F0-8D28-8D2C528661A5}.Release|Any CPU.Build.0 = Release|Any CPU
		{0271EEE2-8C04-4CAB-B6D0-332787BCAA49}.Debug|Any CPU.ActiveCfg = Debug|Any CPU
		{0271EEE2-8C04-4CAB-B6D0-332787BCAA49}.Debug|Any CPU.Build.0 = Debug|Any CPU
		{0271EEE2-8C04-4CAB-B6D0-332787BCAA49}.Release|Any CPU.ActiveCfg = Release|Any CPU
		{0271EEE2-8C04-4CAB-B6D0-332787BCAA49}.Release|Any CPU.Build.0 = Release|Any CPU
	EndGlobalSection
	GlobalSection(SolutionProperties) = preSolution
		HideSolutionNode = FALSE
	EndGlobalSection
	GlobalSection(ExtensibilityGlobals) = postSolution
		SolutionGuid = {3AD73B7D-CA7C-444B-A4DF-518133B9C77F}
	EndGlobalSection
EndGlobal
